{
  "pins" : [
    {
      "identity" : "absolutesolver",
      "kind" : "remoteSourceControl",
      "location" : "https://github.com/BomberFish/AbsoluteSolver",
      "state" : {
        "branch" : "main",
        "revision" : "2ff7418fb43a4414d33fd741593572fe9aaff0e5"
      }
    },
    {
      "identity" : "dirtycowkit",
      "kind" : "remoteSourceControl",
      "location" : "https://github.com/BomberFish/DirtyCowKit",
      "state" : {
        "branch" : "main",
        "revision" : "5f30c63dd998e47cc72d11d0bd6fb26ab882960f"
      }
    },
    {
      "identity" : "localconsole",
      "kind" : "remoteSourceControl",
      "location" : "https://github.com/f1shy-dev/LocalConsole",
      "state" : {
        "branch" : "main",
        "revision" : "28909807c78cf3ffa820b456387be44bab557efe"
      }
    },
    {
      "identity" : "marqueetext",
      "kind" : "remoteSourceControl",
      "location" : "https://github.com/joekndy/MarqueeText",
      "state" : {
        "branch" : "master",
        "revision" : "e18d514455563ad00581e0d825146c6f15b1c6c4"
      }
    },
    {
      "identity" : "welcome-sheet",
      "kind" : "remoteSourceControl",
      "location" : "https://github.com/MAJKFL/Welcome-Sheet",
      "state" : {
        "branch" : "main",
        "revision" : "93332013d3253bcf0f748a008400d542fb9c9c3e"
      }
    }
  ],
  "version" : 2
}
