{
  "pins" : [
    {
      "identity" : "localconsole",
      "kind" : "remoteSourceControl",
      "location" : "https://github.com/BomberFish/LocalConsole",
      "state" : {
        "branch" : "main",
        "revision" : "fbb706dad02d87a76ea882f644ec534429722480"
      }
    }
  ],
  "version" : 2
}
