// !$*UTF8*$!
{
	archiveVersion = 1;
	classes = {
	};
	objectVersion = 56;
	objects = {

/* Begin PBXBuildFile section */
		7D09760D2995714D004E6087 /* ModuleOperations.swift in Sources */ = {isa = PBXBuildFile; fileRef = 7D09760C2995714D004E6087 /* ModuleOperations.swift */; };
		7D201BE7299C19A20023D649 /* Module.swift in Sources */ = {isa = PBXBuildFile; fileRef = 7D201BE6299C19A20023D649 /* Module.swift */; };
		7D201BE9299C1A2B0023D649 /* Customisation.swift in Sources */ = {isa = PBXBuildFile; fileRef = 7D201BE8299C1A2B0023D649 /* Customisation.swift */; };
		7D201BEB299C1AB60023D649 /* CustomisationsList.swift in Sources */ = {isa = PBXBuildFile; fileRef = 7D201BEA299C1AB60023D649 /* CustomisationsList.swift */; };
		7D201BEE299C1D1C0023D649 /* BindingExtension.swift in Sources */ = {isa = PBXBuildFile; fileRef = 7D201BED299C1D1C0023D649 /* BindingExtension.swift */; };
		7D201BF0299C1D470023D649 /* MDCSwift.swift in Sources */ = {isa = PBXBuildFile; fileRef = 7D201BEF299C1D470023D649 /* MDCSwift.swift */; };
		7D201BF2299C1DE30023D649 /* MDCWrappers.swift in Sources */ = {isa = PBXBuildFile; fileRef = 7D201BF1299C1DE30023D649 /* MDCWrappers.swift */; };
		7D201BF4299C1E280023D649 /* PlistHelpers.swift in Sources */ = {isa = PBXBuildFile; fileRef = 7D201BF3299C1E280023D649 /* PlistHelpers.swift */; };
		7D201BF7299C1FAC0023D649 /* StaticCCMappings.swift in Sources */ = {isa = PBXBuildFile; fileRef = 7D201BF6299C1FAC0023D649 /* StaticCCMappings.swift */; };
		7D201BF9299C22680023D649 /* TickToggleStyle.swift in Sources */ = {isa = PBXBuildFile; fileRef = 7D201BF8299C22680023D649 /* TickToggleStyle.swift */; };
		7D201BFB299C23100023D649 /* MainModuleView.swift in Sources */ = {isa = PBXBuildFile; fileRef = 7D201BFA299C23100023D649 /* MainModuleView.swift */; };
		7D201BFE299C23860023D649 /* AddModuleView.swift in Sources */ = {isa = PBXBuildFile; fileRef = 7D201BFD299C23860023D649 /* AddModuleView.swift */; };
		7D201C00299C238D0023D649 /* EditModuleView.swift in Sources */ = {isa = PBXBuildFile; fileRef = 7D201BFF299C238D0023D649 /* EditModuleView.swift */; };
		7D201C02299C25190023D649 /* CustomisationCard.swift in Sources */ = {isa = PBXBuildFile; fileRef = 7D201C01299C25190023D649 /* CustomisationCard.swift */; };
		7D59D959299A94370049302B /* CustomPrint.swift in Sources */ = {isa = PBXBuildFile; fileRef = 7D59D958299A94370049302B /* CustomPrint.swift */; };
		7DDD2FA129AE9A300064A7FC /* LocalConsole in Frameworks */ = {isa = PBXBuildFile; productRef = 7DDD2FA029AE9A300064A7FC /* LocalConsole */; };
		7DDD2FA329AEB2F90064A7FC /* SettingsView.swift in Sources */ = {isa = PBXBuildFile; fileRef = 7DDD2FA229AEB2F90064A7FC /* SettingsView.swift */; };
		7DDD2FA529AEB35E0064A7FC /* AppState.swift in Sources */ = {isa = PBXBuildFile; fileRef = 7DDD2FA429AEB35E0064A7FC /* AppState.swift */; };
		D625E86A2991CD3000D5A5B0 /* ControlConfigApp.swift in Sources */ = {isa = PBXBuildFile; fileRef = D625E8692991CD3000D5A5B0 /* ControlConfigApp.swift */; };
		D625E86E2991CD3200D5A5B0 /* Assets.xcassets in Resources */ = {isa = PBXBuildFile; fileRef = D625E86D2991CD3200D5A5B0 /* Assets.xcassets */; };
		D625E8712991CD3200D5A5B0 /* Preview Assets.xcassets in Resources */ = {isa = PBXBuildFile; fileRef = D625E8702991CD3200D5A5B0 /* Preview Assets.xcassets */; };
		D625E87B2991CD3300D5A5B0 /* ControlConfigTests.swift in Sources */ = {isa = PBXBuildFile; fileRef = D625E87A2991CD3300D5A5B0 /* ControlConfigTests.swift */; };
		D625E8852991CD3300D5A5B0 /* ControlConfigUITests.swift in Sources */ = {isa = PBXBuildFile; fileRef = D625E8842991CD3300D5A5B0 /* ControlConfigUITests.swift */; };
		D625E8872991CD3300D5A5B0 /* ControlConfigUITestsLaunchTests.swift in Sources */ = {isa = PBXBuildFile; fileRef = D625E8862991CD3300D5A5B0 /* ControlConfigUITestsLaunchTests.swift */; };
		D625E89D2991CF2A00D5A5B0 /* vm_unaligned_copy_switch_race.c in Sources */ = {isa = PBXBuildFile; fileRef = D625E8972991CF2A00D5A5B0 /* vm_unaligned_copy_switch_race.c */; };
		D625E89E2991CF2A00D5A5B0 /* helpers.m in Sources */ = {isa = PBXBuildFile; fileRef = D625E8992991CF2A00D5A5B0 /* helpers.m */; };
		D625E89F2991CF2A00D5A5B0 /* grant_full_disk_access.m in Sources */ = {isa = PBXBuildFile; fileRef = D625E89C2991CF2A00D5A5B0 /* grant_full_disk_access.m */; };
		D625E8A32991CF8600D5A5B0 /* Alert++.swift in Sources */ = {isa = PBXBuildFile; fileRef = D625E8A12991CF8600D5A5B0 /* Alert++.swift */; };
		D625E8A42991CF8600D5A5B0 /* Haptic++.swift in Sources */ = {isa = PBXBuildFile; fileRef = D625E8A22991CF8600D5A5B0 /* Haptic++.swift */; };
/* End PBXBuildFile section */

/* Begin PBXContainerItemProxy section */
		D625E8772991CD3300D5A5B0 /* PBXContainerItemProxy */ = {
			isa = PBXContainerItemProxy;
			containerPortal = D625E85E2991CD3000D5A5B0 /* Project object */;
			proxyType = 1;
			remoteGlobalIDString = D625E8652991CD3000D5A5B0;
			remoteInfo = ControlConfig;
		};
		D625E8812991CD3300D5A5B0 /* PBXContainerItemProxy */ = {
			isa = PBXContainerItemProxy;
			containerPortal = D625E85E2991CD3000D5A5B0 /* Project object */;
			proxyType = 1;
			remoteGlobalIDString = D625E8652991CD3000D5A5B0;
			remoteInfo = ControlConfig;
		};
/* End PBXContainerItemProxy section */

/* Begin PBXFileReference section */
		7D09760C2995714D004E6087 /* ModuleOperations.swift */ = {isa = PBXFileReference; lastKnownFileType = sourcecode.swift; path = ModuleOperations.swift; sourceTree = "<group>"; };
		7D201BE6299C19A20023D649 /* Module.swift */ = {isa = PBXFileReference; lastKnownFileType = sourcecode.swift; path = Module.swift; sourceTree = "<group>"; };
		7D201BE8299C1A2B0023D649 /* Customisation.swift */ = {isa = PBXFileReference; lastKnownFileType = sourcecode.swift; path = Customisation.swift; sourceTree = "<group>"; };
		7D201BEA299C1AB60023D649 /* CustomisationsList.swift */ = {isa = PBXFileReference; lastKnownFileType = sourcecode.swift; path = CustomisationsList.swift; sourceTree = "<group>"; };
		7D201BED299C1D1C0023D649 /* BindingExtension.swift */ = {isa = PBXFileReference; lastKnownFileType = sourcecode.swift; path = BindingExtension.swift; sourceTree = "<group>"; };
		7D201BEF299C1D470023D649 /* MDCSwift.swift */ = {isa = PBXFileReference; lastKnownFileType = sourcecode.swift; path = MDCSwift.swift; sourceTree = "<group>"; };
		7D201BF1299C1DE30023D649 /* MDCWrappers.swift */ = {isa = PBXFileReference; lastKnownFileType = sourcecode.swift; path = MDCWrappers.swift; sourceTree = "<group>"; };
		7D201BF3299C1E280023D649 /* PlistHelpers.swift */ = {isa = PBXFileReference; lastKnownFileType = sourcecode.swift; path = PlistHelpers.swift; sourceTree = "<group>"; };
		7D201BF6299C1FAC0023D649 /* StaticCCMappings.swift */ = {isa = PBXFileReference; lastKnownFileType = sourcecode.swift; path = StaticCCMappings.swift; sourceTree = "<group>"; };
		7D201BF8299C22680023D649 /* TickToggleStyle.swift */ = {isa = PBXFileReference; lastKnownFileType = sourcecode.swift; path = TickToggleStyle.swift; sourceTree = "<group>"; };
		7D201BFA299C23100023D649 /* MainModuleView.swift */ = {isa = PBXFileReference; lastKnownFileType = sourcecode.swift; path = MainModuleView.swift; sourceTree = "<group>"; };
		7D201BFD299C23860023D649 /* AddModuleView.swift */ = {isa = PBXFileReference; lastKnownFileType = sourcecode.swift; path = AddModuleView.swift; sourceTree = "<group>"; };
		7D201BFF299C238D0023D649 /* EditModuleView.swift */ = {isa = PBXFileReference; lastKnownFileType = sourcecode.swift; path = EditModuleView.swift; sourceTree = "<group>"; };
		7D201C01299C25190023D649 /* CustomisationCard.swift */ = {isa = PBXFileReference; lastKnownFileType = sourcecode.swift; path = CustomisationCard.swift; sourceTree = "<group>"; };
		7D59D958299A94370049302B /* CustomPrint.swift */ = {isa = PBXFileReference; lastKnownFileType = sourcecode.swift; path = CustomPrint.swift; sourceTree = "<group>"; };
		7DDD2FA229AEB2F90064A7FC /* SettingsView.swift */ = {isa = PBXFileReference; lastKnownFileType = sourcecode.swift; path = SettingsView.swift; sourceTree = "<group>"; };
		7DDD2FA429AEB35E0064A7FC /* AppState.swift */ = {isa = PBXFileReference; lastKnownFileType = sourcecode.swift; path = AppState.swift; sourceTree = "<group>"; };
		D625E8662991CD3000D5A5B0 /* ControlConfig.app */ = {isa = PBXFileReference; explicitFileType = wrapper.application; includeInIndex = 0; path = ControlConfig.app; sourceTree = BUILT_PRODUCTS_DIR; };
		D625E8692991CD3000D5A5B0 /* ControlConfigApp.swift */ = {isa = PBXFileReference; lastKnownFileType = sourcecode.swift; path = ControlConfigApp.swift; sourceTree = "<group>"; };
		D625E86D2991CD3200D5A5B0 /* Assets.xcassets */ = {isa = PBXFileReference; lastKnownFileType = folder.assetcatalog; path = Assets.xcassets; sourceTree = "<group>"; };
		D625E8702991CD3200D5A5B0 /* Preview Assets.xcassets */ = {isa = PBXFileReference; lastKnownFileType = folder.assetcatalog; path = "Preview Assets.xcassets"; sourceTree = "<group>"; };
		D625E8762991CD3300D5A5B0 /* ControlConfigTests.xctest */ = {isa = PBXFileReference; explicitFileType = wrapper.cfbundle; includeInIndex = 0; path = ControlConfigTests.xctest; sourceTree = BUILT_PRODUCTS_DIR; };
		D625E87A2991CD3300D5A5B0 /* ControlConfigTests.swift */ = {isa = PBXFileReference; lastKnownFileType = sourcecode.swift; path = ControlConfigTests.swift; sourceTree = "<group>"; };
		D625E8802991CD3300D5A5B0 /* ControlConfigUITests.xctest */ = {isa = PBXFileReference; explicitFileType = wrapper.cfbundle; includeInIndex = 0; path = ControlConfigUITests.xctest; sourceTree = BUILT_PRODUCTS_DIR; };
		D625E8842991CD3300D5A5B0 /* ControlConfigUITests.swift */ = {isa = PBXFileReference; lastKnownFileType = sourcecode.swift; path = ControlConfigUITests.swift; sourceTree = "<group>"; };
		D625E8862991CD3300D5A5B0 /* ControlConfigUITestsLaunchTests.swift */ = {isa = PBXFileReference; lastKnownFileType = sourcecode.swift; path = ControlConfigUITestsLaunchTests.swift; sourceTree = "<group>"; };
		D625E8942991CF0C00D5A5B0 /* ControlConfig-Bridging-Header.h */ = {isa = PBXFileReference; lastKnownFileType = sourcecode.c.h; path = "ControlConfig-Bridging-Header.h"; sourceTree = "<group>"; };
		D625E8972991CF2A00D5A5B0 /* vm_unaligned_copy_switch_race.c */ = {isa = PBXFileReference; fileEncoding = 4; lastKnownFileType = sourcecode.c.c; path = vm_unaligned_copy_switch_race.c; sourceTree = "<group>"; };
		D625E8982991CF2A00D5A5B0 /* grant_full_disk_access.h */ = {isa = PBXFileReference; fileEncoding = 4; lastKnownFileType = sourcecode.c.h; path = grant_full_disk_access.h; sourceTree = "<group>"; };
		D625E8992991CF2A00D5A5B0 /* helpers.m */ = {isa = PBXFileReference; fileEncoding = 4; lastKnownFileType = sourcecode.c.objc; path = helpers.m; sourceTree = "<group>"; };
		D625E89A2991CF2A00D5A5B0 /* vm_unaligned_copy_switch_race.h */ = {isa = PBXFileReference; fileEncoding = 4; lastKnownFileType = sourcecode.c.h; path = vm_unaligned_copy_switch_race.h; sourceTree = "<group>"; };
		D625E89B2991CF2A00D5A5B0 /* helpers.h */ = {isa = PBXFileReference; fileEncoding = 4; lastKnownFileType = sourcecode.c.h; path = helpers.h; sourceTree = "<group>"; };
		D625E89C2991CF2A00D5A5B0 /* grant_full_disk_access.m */ = {isa = PBXFileReference; fileEncoding = 4; lastKnownFileType = sourcecode.c.objc; path = grant_full_disk_access.m; sourceTree = "<group>"; };
		D625E8A12991CF8600D5A5B0 /* Alert++.swift */ = {isa = PBXFileReference; fileEncoding = 4; lastKnownFileType = sourcecode.swift; path = "Alert++.swift"; sourceTree = "<group>"; };
		D625E8A22991CF8600D5A5B0 /* Haptic++.swift */ = {isa = PBXFileReference; fileEncoding = 4; lastKnownFileType = sourcecode.swift; path = "Haptic++.swift"; sourceTree = "<group>"; };
/* End PBXFileReference section */

/* Begin PBXFrameworksBuildPhase section */
		D625E8632991CD3000D5A5B0 /* Frameworks */ = {
			isa = PBXFrameworksBuildPhase;
			buildActionMask = 2147483647;
			files = (
				7DDD2FA129AE9A300064A7FC /* LocalConsole in Frameworks */,
			);
			runOnlyForDeploymentPostprocessing = 0;
		};
		D625E8732991CD3300D5A5B0 /* Frameworks */ = {
			isa = PBXFrameworksBuildPhase;
			buildActionMask = 2147483647;
			files = (
			);
			runOnlyForDeploymentPostprocessing = 0;
		};
		D625E87D2991CD3300D5A5B0 /* Frameworks */ = {
			isa = PBXFrameworksBuildPhase;
			buildActionMask = 2147483647;
			files = (
			);
			runOnlyForDeploymentPostprocessing = 0;
		};
/* End PBXFrameworksBuildPhase section */

/* Begin PBXGroup section */
		7D201BE5299C19900023D649 /* Models */ = {
			isa = PBXGroup;
			children = (
				7D201BE6299C19A20023D649 /* Module.swift */,
				7D201BE8299C1A2B0023D649 /* Customisation.swift */,
				7D201BEA299C1AB60023D649 /* CustomisationsList.swift */,
				7DDD2FA429AEB35E0064A7FC /* AppState.swift */,
			);
			path = Models;
			sourceTree = "<group>";
		};
		7D201BEC299C1CF20023D649 /* Helpers */ = {
			isa = PBXGroup;
			children = (
				7D59D958299A94370049302B /* CustomPrint.swift */,
				7D201BED299C1D1C0023D649 /* BindingExtension.swift */,
				7D201BEF299C1D470023D649 /* MDCSwift.swift */,
				7D201BF1299C1DE30023D649 /* MDCWrappers.swift */,
				D625E8A22991CF8600D5A5B0 /* Haptic++.swift */,
				D625E8A12991CF8600D5A5B0 /* Alert++.swift */,
				7D201BF3299C1E280023D649 /* PlistHelpers.swift */,
				7D201BF8299C22680023D649 /* TickToggleStyle.swift */,
			);
			path = Helpers;
			sourceTree = "<group>";
		};
		7D201BF5299C1F7D0023D649 /* Control Center */ = {
			isa = PBXGroup;
			children = (
				7D09760C2995714D004E6087 /* ModuleOperations.swift */,
				7D201BF6299C1FAC0023D649 /* StaticCCMappings.swift */,
			);
			path = "Control Center";
			sourceTree = "<group>";
		};
		7D201BFC299C23140023D649 /* Views */ = {
			isa = PBXGroup;
			children = (
				7D201BFA299C23100023D649 /* MainModuleView.swift */,
				7D201BFD299C23860023D649 /* AddModuleView.swift */,
				7D201BFF299C238D0023D649 /* EditModuleView.swift */,
				7D201C01299C25190023D649 /* CustomisationCard.swift */,
				7DDD2FA229AEB2F90064A7FC /* SettingsView.swift */,
			);
			path = Views;
			sourceTree = "<group>";
		};
		7DDD2F8E29AD6FCF0064A7FC /* Frameworks */ = {
			isa = PBXGroup;
			children = (
			);
			name = Frameworks;
			sourceTree = "<group>";
		};
		D625E85D2991CD3000D5A5B0 = {
			isa = PBXGroup;
			children = (
				D625E8832991CD3300D5A5B0 /* ControlConfigUITests */,
				D625E8792991CD3300D5A5B0 /* ControlConfigTests */,
				D625E8682991CD3000D5A5B0 /* ControlConfig */,
				D625E8672991CD3000D5A5B0 /* Products */,
				7DDD2F8E29AD6FCF0064A7FC /* Frameworks */,
			);
			sourceTree = "<group>";
		};
		D625E8672991CD3000D5A5B0 /* Products */ = {
			isa = PBXGroup;
			children = (
				D625E8662991CD3000D5A5B0 /* ControlConfig.app */,
				D625E8762991CD3300D5A5B0 /* ControlConfigTests.xctest */,
				D625E8802991CD3300D5A5B0 /* ControlConfigUITests.xctest */,
			);
			name = Products;
			sourceTree = "<group>";
		};
		D625E8682991CD3000D5A5B0 /* ControlConfig */ = {
			isa = PBXGroup;
			children = (
				D625E86D2991CD3200D5A5B0 /* Assets.xcassets */,
				D625E86F2991CD3200D5A5B0 /* Preview Content */,
				D625E8932991CEFF00D5A5B0 /* Exploit */,
				7D201BF5299C1F7D0023D649 /* Control Center */,
				7D201BEC299C1CF20023D649 /* Helpers */,
				7D201BE5299C19900023D649 /* Models */,
				7D201BFC299C23140023D649 /* Views */,
				D625E8692991CD3000D5A5B0 /* ControlConfigApp.swift */,
			);
			path = ControlConfig;
			sourceTree = "<group>";
		};
		D625E86F2991CD3200D5A5B0 /* Preview Content */ = {
			isa = PBXGroup;
			children = (
				D625E8702991CD3200D5A5B0 /* Preview Assets.xcassets */,
			);
			path = "Preview Content";
			sourceTree = "<group>";
		};
		D625E8792991CD3300D5A5B0 /* ControlConfigTests */ = {
			isa = PBXGroup;
			children = (
				D625E87A2991CD3300D5A5B0 /* ControlConfigTests.swift */,
			);
			path = ControlConfigTests;
			sourceTree = "<group>";
		};
		D625E8832991CD3300D5A5B0 /* ControlConfigUITests */ = {
			isa = PBXGroup;
			children = (
				D625E8842991CD3300D5A5B0 /* ControlConfigUITests.swift */,
				D625E8862991CD3300D5A5B0 /* ControlConfigUITestsLaunchTests.swift */,
			);
			path = ControlConfigUITests;
			sourceTree = "<group>";
		};
		D625E8932991CEFF00D5A5B0 /* Exploit */ = {
			isa = PBXGroup;
			children = (
				D625E8982991CF2A00D5A5B0 /* grant_full_disk_access.h */,
				D625E89C2991CF2A00D5A5B0 /* grant_full_disk_access.m */,
				D625E89B2991CF2A00D5A5B0 /* helpers.h */,
				D625E8992991CF2A00D5A5B0 /* helpers.m */,
				D625E8972991CF2A00D5A5B0 /* vm_unaligned_copy_switch_race.c */,
				D625E89A2991CF2A00D5A5B0 /* vm_unaligned_copy_switch_race.h */,
				D625E8942991CF0C00D5A5B0 /* ControlConfig-Bridging-Header.h */,
			);
			path = Exploit;
			sourceTree = "<group>";
		};
/* End PBXGroup section */

/* Begin PBXNativeTarget section */
		D625E8652991CD3000D5A5B0 /* ControlConfig */ = {
			isa = PBXNativeTarget;
			buildConfigurationList = D625E88A2991CD3300D5A5B0 /* Build configuration list for PBXNativeTarget "ControlConfig" */;
			buildPhases = (
				D625E8622991CD3000D5A5B0 /* Sources */,
				D625E8632991CD3000D5A5B0 /* Frameworks */,
				D625E8642991CD3000D5A5B0 /* Resources */,
			);
			buildRules = (
			);
			dependencies = (
				7DDD2F9F29AE9A2B0064A7FC /* PBXTargetDependency */,
			);
			name = ControlConfig;
			packageProductDependencies = (
				7DDD2FA029AE9A300064A7FC /* LocalConsole */,
			);
			productName = ControlConfig;
			productReference = D625E8662991CD3000D5A5B0 /* ControlConfig.app */;
			productType = "com.apple.product-type.application";
		};
		D625E8752991CD3300D5A5B0 /* ControlConfigTests */ = {
			isa = PBXNativeTarget;
			buildConfigurationList = D625E88D2991CD3300D5A5B0 /* Build configuration list for PBXNativeTarget "ControlConfigTests" */;
			buildPhases = (
				D625E8722991CD3300D5A5B0 /* Sources */,
				D625E8732991CD3300D5A5B0 /* Frameworks */,
				D625E8742991CD3300D5A5B0 /* Resources */,
			);
			buildRules = (
			);
			dependencies = (
				D625E8782991CD3300D5A5B0 /* PBXTargetDependency */,
			);
			name = ControlConfigTests;
			productName = ControlConfigTests;
			productReference = D625E8762991CD3300D5A5B0 /* ControlConfigTests.xctest */;
			productType = "com.apple.product-type.bundle.unit-test";
		};
		D625E87F2991CD3300D5A5B0 /* ControlConfigUITests */ = {
			isa = PBXNativeTarget;
			buildConfigurationList = D625E8902991CD3300D5A5B0 /* Build configuration list for PBXNativeTarget "ControlConfigUITests" */;
			buildPhases = (
				D625E87C2991CD3300D5A5B0 /* Sources */,
				D625E87D2991CD3300D5A5B0 /* Frameworks */,
				D625E87E2991CD3300D5A5B0 /* Resources */,
			);
			buildRules = (
			);
			dependencies = (
				D625E8822991CD3300D5A5B0 /* PBXTargetDependency */,
			);
			name = ControlConfigUITests;
			productName = ControlConfigUITests;
			productReference = D625E8802991CD3300D5A5B0 /* ControlConfigUITests.xctest */;
			productType = "com.apple.product-type.bundle.ui-testing";
		};
/* End PBXNativeTarget section */

/* Begin PBXProject section */
		D625E85E2991CD3000D5A5B0 /* Project object */ = {
			isa = PBXProject;
			attributes = {
				BuildIndependentTargetsInParallel = 1;
				LastSwiftUpdateCheck = 1420;
				LastUpgradeCheck = 1420;
				TargetAttributes = {
					D625E8652991CD3000D5A5B0 = {
						CreatedOnToolsVersion = 14.2;
						LastSwiftMigration = 1420;
					};
					D625E8752991CD3300D5A5B0 = {
						CreatedOnToolsVersion = 14.2;
						TestTargetID = D625E8652991CD3000D5A5B0;
					};
					D625E87F2991CD3300D5A5B0 = {
						CreatedOnToolsVersion = 14.2;
						TestTargetID = D625E8652991CD3000D5A5B0;
					};
				};
			};
			buildConfigurationList = D625E8612991CD3000D5A5B0 /* Build configuration list for PBXProject "ControlConfig" */;
			compatibilityVersion = "Xcode 14.0";
			developmentRegion = en;
			hasScannedForEncodings = 0;
			knownRegions = (
				en,
				Base,
			);
			mainGroup = D625E85D2991CD3000D5A5B0;
			packageReferences = (
				7DDD2F9B29AE9A1F0064A7FC /* XCRemoteSwiftPackageReference "LocalConsole" */,
			);
			productRefGroup = D625E8672991CD3000D5A5B0 /* Products */;
			projectDirPath = "";
			projectRoot = "";
			targets = (
				D625E8652991CD3000D5A5B0 /* ControlConfig */,
				D625E8752991CD3300D5A5B0 /* ControlConfigTests */,
				D625E87F2991CD3300D5A5B0 /* ControlConfigUITests */,
			);
		};
/* End PBXProject section */

/* Begin PBXResourcesBuildPhase section */
		D625E8642991CD3000D5A5B0 /* Resources */ = {
			isa = PBXResourcesBuildPhase;
			buildActionMask = 2147483647;
			files = (
				D625E8712991CD3200D5A5B0 /* Preview Assets.xcassets in Resources */,
				D625E86E2991CD3200D5A5B0 /* Assets.xcassets in Resources */,
			);
			runOnlyForDeploymentPostprocessing = 0;
		};
		D625E8742991CD3300D5A5B0 /* Resources */ = {
			isa = PBXResourcesBuildPhase;
			buildActionMask = 2147483647;
			files = (
			);
			runOnlyForDeploymentPostprocessing = 0;
		};
		D625E87E2991CD3300D5A5B0 /* Resources */ = {
			isa = PBXResourcesBuildPhase;
			buildActionMask = 2147483647;
			files = (
			);
			runOnlyForDeploymentPostprocessing = 0;
		};
/* End PBXResourcesBuildPhase section */

/* Begin PBXSourcesBuildPhase section */
		D625E8622991CD3000D5A5B0 /* Sources */ = {
			isa = PBXSourcesBuildPhase;
			buildActionMask = 2147483647;
			files = (
				D625E8A42991CF8600D5A5B0 /* Haptic++.swift in Sources */,
				7D201BEB299C1AB60023D649 /* CustomisationsList.swift in Sources */,
				D625E86A2991CD3000D5A5B0 /* ControlConfigApp.swift in Sources */,
				7D201BF2299C1DE30023D649 /* MDCWrappers.swift in Sources */,
				7D201BFE299C23860023D649 /* AddModuleView.swift in Sources */,
				7D201BE7299C19A20023D649 /* Module.swift in Sources */,
				7D201BF0299C1D470023D649 /* MDCSwift.swift in Sources */,
				7D201C00299C238D0023D649 /* EditModuleView.swift in Sources */,
				7D201BF7299C1FAC0023D649 /* StaticCCMappings.swift in Sources */,
				7D201C02299C25190023D649 /* CustomisationCard.swift in Sources */,
				7D201BEE299C1D1C0023D649 /* BindingExtension.swift in Sources */,
				7D201BE9299C1A2B0023D649 /* Customisation.swift in Sources */,
				7D09760D2995714D004E6087 /* ModuleOperations.swift in Sources */,
				D625E89F2991CF2A00D5A5B0 /* grant_full_disk_access.m in Sources */,
				D625E89D2991CF2A00D5A5B0 /* vm_unaligned_copy_switch_race.c in Sources */,
				D625E8A32991CF8600D5A5B0 /* Alert++.swift in Sources */,
				7D201BF4299C1E280023D649 /* PlistHelpers.swift in Sources */,
				7DDD2FA529AEB35E0064A7FC /* AppState.swift in Sources */,
				7D201BFB299C23100023D649 /* MainModuleView.swift in Sources */,
				7D59D959299A94370049302B /* CustomPrint.swift in Sources */,
				D625E89E2991CF2A00D5A5B0 /* helpers.m in Sources */,
				7D201BF9299C22680023D649 /* TickToggleStyle.swift in Sources */,
				7DDD2FA329AEB2F90064A7FC /* SettingsView.swift in Sources */,
			);
			runOnlyForDeploymentPostprocessing = 0;
		};
		D625E8722991CD3300D5A5B0 /* Sources */ = {
			isa = PBXSourcesBuildPhase;
			buildActionMask = 2147483647;
			files = (
				D625E87B2991CD3300D5A5B0 /* ControlConfigTests.swift in Sources */,
			);
			runOnlyForDeploymentPostprocessing = 0;
		};
		D625E87C2991CD3300D5A5B0 /* Sources */ = {
			isa = PBXSourcesBuildPhase;
			buildActionMask = 2147483647;
			files = (
				D625E8872991CD3300D5A5B0 /* ControlConfigUITestsLaunchTests.swift in Sources */,
				D625E8852991CD3300D5A5B0 /* ControlConfigUITests.swift in Sources */,
			);
			runOnlyForDeploymentPostprocessing = 0;
		};
/* End PBXSourcesBuildPhase section */

/* Begin PBXTargetDependency section */
		7DDD2F9F29AE9A2B0064A7FC /* PBXTargetDependency */ = {
			isa = PBXTargetDependency;
			productRef = 7DDD2F9E29AE9A2B0064A7FC /* LocalConsole */;
		};
		D625E8782991CD3300D5A5B0 /* PBXTargetDependency */ = {
			isa = PBXTargetDependency;
			target = D625E8652991CD3000D5A5B0 /* ControlConfig */;
			targetProxy = D625E8772991CD3300D5A5B0 /* PBXContainerItemProxy */;
		};
		D625E8822991CD3300D5A5B0 /* PBXTargetDependency */ = {
			isa = PBXTargetDependency;
			target = D625E8652991CD3000D5A5B0 /* ControlConfig */;
			targetProxy = D625E8812991CD3300D5A5B0 /* PBXContainerItemProxy */;
		};
/* End PBXTargetDependency section */

/* Begin XCBuildConfiguration section */
		D625E8882991CD3300D5A5B0 /* Debug */ = {
			isa = XCBuildConfiguration;
			buildSettings = {
				ALWAYS_SEARCH_USER_PATHS = NO;
				CLANG_ANALYZER_NONNULL = YES;
				CLANG_ANALYZER_NUMBER_OBJECT_CONVERSION = YES_AGGRESSIVE;
				CLANG_CXX_LANGUAGE_STANDARD = "gnu++20";
				CLANG_ENABLE_MODULES = YES;
				CLANG_ENABLE_OBJC_ARC = YES;
				CLANG_ENABLE_OBJC_WEAK = YES;
				CLANG_WARN_BLOCK_CAPTURE_AUTORELEASING = YES;
				CLANG_WARN_BOOL_CONVERSION = YES;
				CLANG_WARN_COMMA = YES;
				CLANG_WARN_CONSTANT_CONVERSION = YES;
				CLANG_WARN_DEPRECATED_OBJC_IMPLEMENTATIONS = YES;
				CLANG_WARN_DIRECT_OBJC_ISA_USAGE = YES_ERROR;
				CLANG_WARN_DOCUMENTATION_COMMENTS = YES;
				CLANG_WARN_EMPTY_BODY = YES;
				CLANG_WARN_ENUM_CONVERSION = YES;
				CLANG_WARN_INFINITE_RECURSION = YES;
				CLANG_WARN_INT_CONVERSION = YES;
				CLANG_WARN_NON_LITERAL_NULL_CONVERSION = YES;
				CLANG_WARN_OBJC_IMPLICIT_RETAIN_SELF = YES;
				CLANG_WARN_OBJC_LITERAL_CONVERSION = YES;
				CLANG_WARN_OBJC_ROOT_CLASS = YES_ERROR;
				CLANG_WARN_QUOTED_INCLUDE_IN_FRAMEWORK_HEADER = YES;
				CLANG_WARN_RANGE_LOOP_ANALYSIS = YES;
				CLANG_WARN_STRICT_PROTOTYPES = YES;
				CLANG_WARN_SUSPICIOUS_MOVE = YES;
				CLANG_WARN_UNGUARDED_AVAILABILITY = YES_AGGRESSIVE;
				CLANG_WARN_UNREACHABLE_CODE = YES;
				CLANG_WARN__DUPLICATE_METHOD_MATCH = YES;
				COPY_PHASE_STRIP = NO;
				DEBUG_INFORMATION_FORMAT = dwarf;
				ENABLE_STRICT_OBJC_MSGSEND = YES;
				ENABLE_TESTABILITY = YES;
				GCC_C_LANGUAGE_STANDARD = gnu11;
				GCC_DYNAMIC_NO_PIC = NO;
				GCC_NO_COMMON_BLOCKS = YES;
				GCC_OPTIMIZATION_LEVEL = 0;
				GCC_PREPROCESSOR_DEFINITIONS = (
					"DEBUG=1",
					"$(inherited)",
				);
				GCC_WARN_64_TO_32_BIT_CONVERSION = YES;
				GCC_WARN_ABOUT_RETURN_TYPE = YES_ERROR;
				GCC_WARN_UNDECLARED_SELECTOR = YES;
				GCC_WARN_UNINITIALIZED_AUTOS = YES_AGGRESSIVE;
				GCC_WARN_UNUSED_FUNCTION = YES;
				GCC_WARN_UNUSED_VARIABLE = YES;
				INFOPLIST_KEY_NSAppleMusicUsageDescription = "Grant full disk access. Required for app functionality.";
				INFOPLIST_KEY_NSLocationWhenInUseUsageDescription = "";
				IPHONEOS_DEPLOYMENT_TARGET = 15.0;
				MTL_ENABLE_DEBUG_INFO = INCLUDE_SOURCE;
				MTL_FAST_MATH = YES;
				ONLY_ACTIVE_ARCH = YES;
				SDKROOT = iphoneos;
				SWIFT_ACTIVE_COMPILATION_CONDITIONS = DEBUG;
				SWIFT_OPTIMIZATION_LEVEL = "-Onone";
			};
			name = Debug;
		};
		D625E8892991CD3300D5A5B0 /* Release */ = {
			isa = XCBuildConfiguration;
			buildSettings = {
				ALWAYS_SEARCH_USER_PATHS = NO;
				CLANG_ANALYZER_NONNULL = YES;
				CLANG_ANALYZER_NUMBER_OBJECT_CONVERSION = YES_AGGRESSIVE;
				CLANG_CXX_LANGUAGE_STANDARD = "gnu++20";
				CLANG_ENABLE_MODULES = YES;
				CLANG_ENABLE_OBJC_ARC = YES;
				CLANG_ENABLE_OBJC_WEAK = YES;
				CLANG_WARN_BLOCK_CAPTURE_AUTORELEASING = YES;
				CLANG_WARN_BOOL_CONVERSION = YES;
				CLANG_WARN_COMMA = YES;
				CLANG_WARN_CONSTANT_CONVERSION = YES;
				CLANG_WARN_DEPRECATED_OBJC_IMPLEMENTATIONS = YES;
				CLANG_WARN_DIRECT_OBJC_ISA_USAGE = YES_ERROR;
				CLANG_WARN_DOCUMENTATION_COMMENTS = YES;
				CLANG_WARN_EMPTY_BODY = YES;
				CLANG_WARN_ENUM_CONVERSION = YES;
				CLANG_WARN_INFINITE_RECURSION = YES;
				CLANG_WARN_INT_CONVERSION = YES;
				CLANG_WARN_NON_LITERAL_NULL_CONVERSION = YES;
				CLANG_WARN_OBJC_IMPLICIT_RETAIN_SELF = YES;
				CLANG_WARN_OBJC_LITERAL_CONVERSION = YES;
				CLANG_WARN_OBJC_ROOT_CLASS = YES_ERROR;
				CLANG_WARN_QUOTED_INCLUDE_IN_FRAMEWORK_HEADER = YES;
				CLANG_WARN_RANGE_LOOP_ANALYSIS = YES;
				CLANG_WARN_STRICT_PROTOTYPES = YES;
				CLANG_WARN_SUSPICIOUS_MOVE = YES;
				CLANG_WARN_UNGUARDED_AVAILABILITY = YES_AGGRESSIVE;
				CLANG_WARN_UNREACHABLE_CODE = YES;
				CLANG_WARN__DUPLICATE_METHOD_MATCH = YES;
				COPY_PHASE_STRIP = NO;
				DEBUG_INFORMATION_FORMAT = "dwarf-with-dsym";
				ENABLE_NS_ASSERTIONS = NO;
				ENABLE_STRICT_OBJC_MSGSEND = YES;
				GCC_C_LANGUAGE_STANDARD = gnu11;
				GCC_NO_COMMON_BLOCKS = YES;
				GCC_WARN_64_TO_32_BIT_CONVERSION = YES;
				GCC_WARN_ABOUT_RETURN_TYPE = YES_ERROR;
				GCC_WARN_UNDECLARED_SELECTOR = YES;
				GCC_WARN_UNINITIALIZED_AUTOS = YES_AGGRESSIVE;
				GCC_WARN_UNUSED_FUNCTION = YES;
				GCC_WARN_UNUSED_VARIABLE = YES;
				INFOPLIST_KEY_NSAppleMusicUsageDescription = "Grant full disk access. Required for app functionality.";
				INFOPLIST_KEY_NSLocationWhenInUseUsageDescription = "";
				IPHONEOS_DEPLOYMENT_TARGET = 15.0;
				MTL_ENABLE_DEBUG_INFO = NO;
				MTL_FAST_MATH = YES;
				SDKROOT = iphoneos;
				SWIFT_COMPILATION_MODE = wholemodule;
				SWIFT_OPTIMIZATION_LEVEL = "-O";
				VALIDATE_PRODUCT = YES;
			};
			name = Release;
		};
		D625E88B2991CD3300D5A5B0 /* Debug */ = {
			isa = XCBuildConfiguration;
			buildSettings = {
				ASSETCATALOG_COMPILER_APPICON_NAME = AppIcon;
				ASSETCATALOG_COMPILER_GLOBAL_ACCENT_COLOR_NAME = AccentColor;
				CLANG_ENABLE_MODULES = YES;
				CODE_SIGN_STYLE = Automatic;
				CURRENT_PROJECT_VERSION = Alpha;
				DEVELOPMENT_ASSET_PATHS = "\"ControlConfig/Preview Content\"";
				DEVELOPMENT_TEAM = ZV2PLXMRSB;
				ENABLE_PREVIEWS = YES;
				GENERATE_INFOPLIST_FILE = YES;
				INFOPLIST_KEY_LSApplicationCategoryType = "public.app-category.utilities";
				INFOPLIST_KEY_NSAppleMusicUsageDescription = "Grant full disk access. Required for app functionality.";
				INFOPLIST_KEY_NSLocationWhenInUseUsageDescription = "";
				INFOPLIST_KEY_UIApplicationSceneManifest_Generation = YES;
				INFOPLIST_KEY_UIApplicationSupportsIndirectInputEvents = YES;
				INFOPLIST_KEY_UILaunchScreen_Generation = YES;
				INFOPLIST_KEY_UISupportedInterfaceOrientations_iPad = "UIInterfaceOrientationPortrait UIInterfaceOrientationPortraitUpsideDown UIInterfaceOrientationLandscapeLeft UIInterfaceOrientationLandscapeRight";
				INFOPLIST_KEY_UISupportedInterfaceOrientations_iPhone = "UIInterfaceOrientationPortrait UIInterfaceOrientationLandscapeLeft UIInterfaceOrientationLandscapeRight";
				IPHONEOS_DEPLOYMENT_TARGET = 15.0;
				LD_RUNPATH_SEARCH_PATHS = (
					"$(inherited)",
					"@executable_path/Frameworks",
				);
				MARKETING_VERSION = 0.0.2;
				PRODUCT_BUNDLE_IDENTIFIER = "com.f1shy-dev.ControlConfig";
				PRODUCT_NAME = "$(TARGET_NAME)";
				SWIFT_EMIT_LOC_STRINGS = YES;
				SWIFT_OBJC_BRIDGING_HEADER = "ControlConfig/Exploit/ControlConfig-Bridging-Header.h";
				SWIFT_OPTIMIZATION_LEVEL = "-Onone";
				SWIFT_VERSION = 5.0;
				TARGETED_DEVICE_FAMILY = "1,2";
			};
			name = Debug;
		};
		D625E88C2991CD3300D5A5B0 /* Release */ = {
			isa = XCBuildConfiguration;
			buildSettings = {
				ASSETCATALOG_COMPILER_APPICON_NAME = AppIcon;
				ASSETCATALOG_COMPILER_GLOBAL_ACCENT_COLOR_NAME = AccentColor;
				CLANG_ENABLE_MODULES = YES;
				CODE_SIGN_STYLE = Automatic;
				CURRENT_PROJECT_VERSION = Alpha;
				DEVELOPMENT_ASSET_PATHS = "\"ControlConfig/Preview Content\"";
				DEVELOPMENT_TEAM = ZV2PLXMRSB;
				ENABLE_PREVIEWS = YES;
				GENERATE_INFOPLIST_FILE = YES;
				INFOPLIST_KEY_LSApplicationCategoryType = "public.app-category.utilities";
				INFOPLIST_KEY_NSAppleMusicUsageDescription = "Grant full disk access. Required for app functionality.";
				INFOPLIST_KEY_NSLocationWhenInUseUsageDescription = "";
				INFOPLIST_KEY_UIApplicationSceneManifest_Generation = YES;
				INFOPLIST_KEY_UIApplicationSupportsIndirectInputEvents = YES;
				INFOPLIST_KEY_UILaunchScreen_Generation = YES;
				INFOPLIST_KEY_UISupportedInterfaceOrientations_iPad = "UIInterfaceOrientationPortrait UIInterfaceOrientationPortraitUpsideDown UIInterfaceOrientationLandscapeLeft UIInterfaceOrientationLandscapeRight";
				INFOPLIST_KEY_UISupportedInterfaceOrientations_iPhone = "UIInterfaceOrientationPortrait UIInterfaceOrientationLandscapeLeft UIInterfaceOrientationLandscapeRight";
				IPHONEOS_DEPLOYMENT_TARGET = 15.0;
				LD_RUNPATH_SEARCH_PATHS = (
					"$(inherited)",
					"@executable_path/Frameworks",
				);
				MARKETING_VERSION = 0.0.2;
				PRODUCT_BUNDLE_IDENTIFIER = "com.f1shy-dev.ControlConfig";
				PRODUCT_NAME = "$(TARGET_NAME)";
				SWIFT_EMIT_LOC_STRINGS = YES;
				SWIFT_OBJC_BRIDGING_HEADER = "ControlConfig/Exploit/ControlConfig-Bridging-Header.h";
				SWIFT_VERSION = 5.0;
				TARGETED_DEVICE_FAMILY = "1,2";
			};
			name = Release;
		};
		D625E88E2991CD3300D5A5B0 /* Debug */ = {
			isa = XCBuildConfiguration;
			buildSettings = {
				ALWAYS_EMBED_SWIFT_STANDARD_LIBRARIES = YES;
				BUNDLE_LOADER = "$(TEST_HOST)";
				CODE_SIGN_STYLE = Automatic;
				CURRENT_PROJECT_VERSION = 1;
				DEVELOPMENT_TEAM = 8JKVMYCRTJ;
				GENERATE_INFOPLIST_FILE = YES;
				IPHONEOS_DEPLOYMENT_TARGET = 16.2;
				MARKETING_VERSION = 1.0;
				PRODUCT_BUNDLE_IDENTIFIER = ca.bomberfish.ControlConfigTests;
				PRODUCT_NAME = "$(TARGET_NAME)";
				SWIFT_EMIT_LOC_STRINGS = NO;
				SWIFT_VERSION = 5.0;
				TARGETED_DEVICE_FAMILY = "1,2";
				TEST_HOST = "$(BUILT_PRODUCTS_DIR)/ControlConfig.app/$(BUNDLE_EXECUTABLE_FOLDER_PATH)/ControlConfig";
			};
			name = Debug;
		};
		D625E88F2991CD3300D5A5B0 /* Release */ = {
			isa = XCBuildConfiguration;
			buildSettings = {
				ALWAYS_EMBED_SWIFT_STANDARD_LIBRARIES = YES;
				BUNDLE_LOADER = "$(TEST_HOST)";
				CODE_SIGN_STYLE = Automatic;
				CURRENT_PROJECT_VERSION = 1;
				DEVELOPMENT_TEAM = 8JKVMYCRTJ;
				GENERATE_INFOPLIST_FILE = YES;
				IPHONEOS_DEPLOYMENT_TARGET = 16.2;
				MARKETING_VERSION = 1.0;
				PRODUCT_BUNDLE_IDENTIFIER = ca.bomberfish.ControlConfigTests;
				PRODUCT_NAME = "$(TARGET_NAME)";
				SWIFT_EMIT_LOC_STRINGS = NO;
				SWIFT_VERSION = 5.0;
				TARGETED_DEVICE_FAMILY = "1,2";
				TEST_HOST = "$(BUILT_PRODUCTS_DIR)/ControlConfig.app/$(BUNDLE_EXECUTABLE_FOLDER_PATH)/ControlConfig";
			};
			name = Release;
		};
		D625E8912991CD3300D5A5B0 /* Debug */ = {
			isa = XCBuildConfiguration;
			buildSettings = {
				ALWAYS_EMBED_SWIFT_STANDARD_LIBRARIES = YES;
				CODE_SIGN_STYLE = Automatic;
				CURRENT_PROJECT_VERSION = 1;
				DEVELOPMENT_TEAM = 8JKVMYCRTJ;
				GENERATE_INFOPLIST_FILE = YES;
				MARKETING_VERSION = 1.0;
				PRODUCT_BUNDLE_IDENTIFIER = ca.bomberfish.ControlConfigUITests;
				PRODUCT_NAME = "$(TARGET_NAME)";
				SWIFT_EMIT_LOC_STRINGS = NO;
				SWIFT_VERSION = 5.0;
				TARGETED_DEVICE_FAMILY = "1,2";
				TEST_TARGET_NAME = ControlConfig;
			};
			name = Debug;
		};
		D625E8922991CD3300D5A5B0 /* Release */ = {
			isa = XCBuildConfiguration;
			buildSettings = {
				ALWAYS_EMBED_SWIFT_STANDARD_LIBRARIES = YES;
				CODE_SIGN_STYLE = Automatic;
				CURRENT_PROJECT_VERSION = 1;
				DEVELOPMENT_TEAM = 8JKVMYCRTJ;
				GENERATE_INFOPLIST_FILE = YES;
				MARKETING_VERSION = 1.0;
				PRODUCT_BUNDLE_IDENTIFIER = ca.bomberfish.ControlConfigUITests;
				PRODUCT_NAME = "$(TARGET_NAME)";
				SWIFT_EMIT_LOC_STRINGS = NO;
				SWIFT_VERSION = 5.0;
				TARGETED_DEVICE_FAMILY = "1,2";
				TEST_TARGET_NAME = ControlConfig;
			};
			name = Release;
		};
/* End XCBuildConfiguration section */

/* Begin XCConfigurationList section */
		D625E8612991CD3000D5A5B0 /* Build configuration list for PBXProject "ControlConfig" */ = {
			isa = XCConfigurationList;
			buildConfigurations = (
				D625E8882991CD3300D5A5B0 /* Debug */,
				D625E8892991CD3300D5A5B0 /* Release */,
			);
			defaultConfigurationIsVisible = 0;
			defaultConfigurationName = Release;
		};
		D625E88A2991CD3300D5A5B0 /* Build configuration list for PBXNativeTarget "ControlConfig" */ = {
			isa = XCConfigurationList;
			buildConfigurations = (
				D625E88B2991CD3300D5A5B0 /* Debug */,
				D625E88C2991CD3300D5A5B0 /* Release */,
			);
			defaultConfigurationIsVisible = 0;
			defaultConfigurationName = Release;
		};
		D625E88D2991CD3300D5A5B0 /* Build configuration list for PBXNativeTarget "ControlConfigTests" */ = {
			isa = XCConfigurationList;
			buildConfigurations = (
				D625E88E2991CD3300D5A5B0 /* Debug */,
				D625E88F2991CD3300D5A5B0 /* Release */,
			);
			defaultConfigurationIsVisible = 0;
			defaultConfigurationName = Release;
		};
		D625E8902991CD3300D5A5B0 /* Build configuration list for PBXNativeTarget "ControlConfigUITests" */ = {
			isa = XCConfigurationList;
			buildConfigurations = (
				D625E8912991CD3300D5A5B0 /* Debug */,
				D625E8922991CD3300D5A5B0 /* Release */,
			);
			defaultConfigurationIsVisible = 0;
			defaultConfigurationName = Release;
		};
/* End XCConfigurationList section */

/* Begin XCRemoteSwiftPackageReference section */
		7DDD2F9B29AE9A1F0064A7FC /* XCRemoteSwiftPackageReference "LocalConsole" */ = {
			isa = XCRemoteSwiftPackageReference;
			repositoryURL = "https://github.com/f1shy-dev/LocalConsole";
			requirement = {
				branch = main;
				kind = branch;
			};
		};
/* End XCRemoteSwiftPackageReference section */

/* Begin XCSwiftPackageProductDependency section */
		7DDD2F9E29AE9A2B0064A7FC /* LocalConsole */ = {
			isa = XCSwiftPackageProductDependency;
			package = 7DDD2F9B29AE9A1F0064A7FC /* XCRemoteSwiftPackageReference "LocalConsole" */;
			productName = LocalConsole;
		};
		7DDD2FA029AE9A300064A7FC /* LocalConsole */ = {
			isa = XCSwiftPackageProductDependency;
			package = 7DDD2F9B29AE9A1F0064A7FC /* XCRemoteSwiftPackageReference "LocalConsole" */;
			productName = LocalConsole;
		};
/* End XCSwiftPackageProductDependency section */
	};
	rootObject = D625E85E2991CD3000D5A5B0 /* Project object */;
}
